
Microsoft Visual Studio Solution File, Format Version 12.00
# Visual Studio Version 17
VisualStudioVersion = 17.9.34728.123
MinimumVisualStudioVersion = 10.0.40219.1
Project("{FAE04EC0-301F-11D3-BF4B-00C04F79EFBC}") = "StudentManagementSystem", "StudentManagementSystem\StudentManagementSystem.csproj", "{F6ABDB9A-7844-4767-8F4C-9528D6BA6F71}"
EndProject
Global
	GlobalSection(SolutionConfigurationPlatforms) = preSolution
		Debug|Any CPU = Debug|Any CPU
		Release|Any CPU = Release|Any CPU
	EndGlobalSection
	GlobalSection(ProjectConfigurationPlatforms) = postSolution
		{F6ABDB9A-7844-4767-8F4C-9528D6BA6F71}.Debug|Any CPU.ActiveCfg = Debug|Any CPU
		{F6ABDB9A-7844-4767-8F4C-9528D6BA6F71}.Debug|Any CPU.Build.0 = Debug|Any CPU
		{F6ABDB9A-7844-4767-8F4C-9528D6BA6F71}.Release|Any CPU.ActiveCfg = Release|Any CPU
		{F6ABDB9A-7844-4767-8F4C-9528D6BA6F71}.Release|Any CPU.Build.0 = Release|Any CPU
	EndGlobalSection
	GlobalSection(SolutionProperties) = preSolution
		HideSolutionNode = FALSE
	EndGlobalSection
	GlobalSection(ExtensibilityGlobals) = postSolution
		SolutionGuid = {C8CD921A-E147-446B-92D9-AD26F49F9C85}
	EndGlobalSection
EndGlobal
